
Microsoft Visual Studio Solution File, Format Version 12.00
# Visual Studio Version 16
VisualStudioVersion = 16.0.29926.136
MinimumVisualStudioVersion = 10.0.40219.1
Project("{FAE04EC0-301F-11D3-BF4B-00C04F79EFBC}") = "МатрицА", "МатрицА.csproj", "{1DAAC3FA-C5A0-4146-A817-9062CD007A9B}"
EndProject
Global
	GlobalSection(SolutionConfigurationPlatforms) = preSolution
		Debug|Any CPU = Debug|Any CPU
		Release|Any CPU = Release|Any CPU
	EndGlobalSection
	GlobalSection(ProjectConfigurationPlatforms) = postSolution
		{1DAAC3FA-C5A0-4146-A817-9062CD007A9B}.Debug|Any CPU.ActiveCfg = Debug|Any CPU
		{1DAAC3FA-C5A0-4146-A817-9062CD007A9B}.Debug|Any CPU.Build.0 = Debug|Any CPU
		{1DAAC3FA-C5A0-4146-A817-9062CD007A9B}.Release|Any CPU.ActiveCfg = Release|Any CPU
		{1DAAC3FA-C5A0-4146-A817-9062CD007A9B}.Release|Any CPU.Build.0 = Release|Any CPU
	EndGlobalSection
	GlobalSection(SolutionProperties) = preSolution
		HideSolutionNode = FALSE
	EndGlobalSection
	GlobalSection(ExtensibilityGlobals) = postSolution
		SolutionGuid = {65C3045D-ED81-45DD-892E-04B4EAF71422}
	EndGlobalSection
EndGlobal
